{
  "nodes": {
    "flake-utils": {
      "locked": {
        "lastModified": 1638122382,
        "narHash": "sha256-sQzZzAbvKEqN9s0bzWuYmRaA03v40gaJ4+iL1LXjaeI=",
        "owner": "numtide",
        "repo": "flake-utils",
        "rev": "74f7e4319258e287b0f9cb95426c9853b282730b",
        "type": "github"
      },
      "original": {
        "owner": "numtide",
        "repo": "flake-utils",
        "type": "github"
      }
    },
    "flake-utils_2": {
      "locked": {
        "lastModified": 1614513358,
        "narHash": "sha256-LakhOx3S1dRjnh0b5Dg3mbZyH0ToC9I8Y2wKSkBaTzU=",
        "owner": "numtide",
        "repo": "flake-utils",
        "rev": "5466c5bbece17adaab2d82fae80b46e807611bf3",
        "type": "github"
      },
      "original": {
        "owner": "numtide",
        "repo": "flake-utils",
        "type": "github"
      }
    },
    "idris": {
      "inputs": {
        "flake-utils": "flake-utils_2",
        "idris-emacs-src": "idris-emacs-src",
        "nixpkgs": "nixpkgs",
        "nixpkgs-chez-racket": "nixpkgs-chez-racket"
      },
      "locked": {
        "lastModified": 1632120693,
        "narHash": "sha256-6CTn8o5geWSesXO7vTrrV/2EOQ3f+nPQ2M5cem13ZSY=",
        "owner": "idris-lang",
        "repo": "Idris2",
        "rev": "bf0a157253611d9a18e3abfa800f0803241b6cbf",
        "type": "github"
      },
      "original": {
        "owner": "idris-lang",
        "ref": "v0.5.1",
        "repo": "Idris2",
        "type": "github"
      }
    },
    "idris-emacs-src": {
      "flake": false,
      "locked": {
        "lastModified": 1613351183,
        "narHash": "sha256-ngg48SzrR2LCtjle3WR3BOK86USRB0ZXmgXWu9EzQbo=",
        "owner": "redfish64",
        "repo": "idris2-mode",
        "rev": "77390611a934f13e03a45e9f8a4e476dd17a9c5b",
        "type": "github"
      },
      "original": {
        "owner": "redfish64",
        "repo": "idris2-mode",
        "type": "github"
      }
    },
    "netlistsvg": {
      "inputs": {
        "nixpkgs": "nixpkgs_2"
      },
      "locked": {
        "lastModified": 1650555449,
        "narHash": "sha256-qi7BCP4FGdukQUxvEa5wxve6PGX0dmScwXr5rzfuAYs=",
        "owner": "cramsay",
        "repo": "netlistsvg",
        "rev": "25352ab4893f2a4c67850c40f3c904ad000ff822",
        "type": "github"
      },
      "original": {
        "owner": "cramsay",
        "repo": "netlistsvg",
        "type": "github"
      }
    },
    "nixpkgs": {
      "locked": {
        "lastModified": 1614810944,
        "narHash": "sha256-mDpk7kP5nRRMhXZDjGQUIoq+3mUgixPXt93md0fI46E=",
        "owner": "NixOS",
        "repo": "nixpkgs",
        "rev": "d485a4db259470c19872ef6bf13ef4a0c5b2bb3c",
        "type": "github"
      },
      "original": {
        "id": "nixpkgs",
        "type": "indirect"
      }
    },
    "nixpkgs-chez-racket": {
      "locked": {
        "lastModified": 1627484694,
        "narHash": "sha256-UsEb5G0ZJ8l/2y9u9FNj2akXx2PC5QAan24U3t32cfI=",
        "owner": "L-as",
        "repo": "nixpkgs",
        "rev": "9b3c4bee8cee477ac03b0cfd4ebca40954c66106",
        "type": "github"
      },
      "original": {
        "owner": "L-as",
        "ref": "chez-racket",
        "repo": "nixpkgs",
        "type": "github"
      }
    },
    "nixpkgs_2": {
      "locked": {
        "lastModified": 1620055814,
        "narHash": "sha256-8LEHoYSJiL901bTMVatq+rf8y7QtWuZhwwpKE2fyaRY=",
        "owner": "NixOS",
        "repo": "nixpkgs",
        "rev": "1db42b7fe3878f3f5f7a4f2dc210772fd080e205",
        "type": "github"
      },
      "original": {
        "owner": "NixOS",
        "ref": "nixos-20.03",
        "repo": "nixpkgs",
        "type": "github"
      }
    },
    "nixpkgs_3": {
      "locked": {
        "lastModified": 1641997253,
        "narHash": "sha256-86iPb/nSYnx6bsQ4jX0P8sM88ZPJrafjHUZxpkEbCJU=",
        "owner": "NixOS",
        "repo": "nixpkgs",
        "rev": "02d732d2e49b12a7f8452e4bb66a71df0902264c",
        "type": "github"
      },
      "original": {
        "owner": "NixOS",
        "repo": "nixpkgs",
        "type": "github"
      }
    },
    "root": {
      "inputs": {
        "flake-utils": "flake-utils",
        "idris": "idris",
        "netlistsvg": "netlistsvg",
        "nixpkgs": "nixpkgs_3"
      }
    }
  },
  "root": "root",
  "version": 7
}
